{
  "name": "rating-calculator",
  "lockfileVersion": 2,
  "requires": true,
  "packages": {
    "": {
      "dependencies": {
        "glicko2": "^0.8.7"
      }
    },
    "node_modules/glicko2": {
      "version": "0.8.7",
      "resolved": "https://registry.npmjs.org/glicko2/-/glicko2-0.8.7.tgz",
      "integrity": "sha512-Jq1ki82IcdHF61BmjRX4WJne3ARSvcaKNVvEblV1HcFAck44rcfPhQIkejEgPwokrWRBQYVemZWDiWc1NUrxAw=="
    }
  },
  "dependencies": {
    "glicko2": {
      "version": "0.8.7",
      "resolved": "https://registry.npmjs.org/glicko2/-/glicko2-0.8.7.tgz",
      "integrity": "sha512-Jq1ki82IcdHF61BmjRX4WJne3ARSvcaKNVvEblV1HcFAck44rcfPhQIkejEgPwokrWRBQYVemZWDiWc1NUrxAw=="
    }
  }
}
